{
  "name": "asas",
  "version": "1.0.0",
  "lockfileVersion": 1,
  "requires": true,
  "dependencies": {
    "browser-image-compression": {
      "version": "1.0.13",
      "resolved": "https://registry.npmjs.org/browser-image-compression/-/browser-image-compression-1.0.13.tgz",
      "integrity": "sha512-Rg/xgEKGobh+MnB/izOgqHjNbRFOWgfIVwHDG1L18O5+X0y08mUcnMe2JOWav9c+pZWFQ95F4/KBStBZwujXAQ=="
    }
  }
}
